
Microsoft Visual Studio Solution File, Format Version 12.00
# Visual Studio 2012
VisualStudioVersion = 12.0.21005.1
MinimumVisualStudioVersion = 10.0.40219.1
Project("{FAE04EC0-301F-11D3-BF4B-00C04F79EFBC}") = "Hamekoz.Data", "Hamekoz.Data\Hamekoz.Data.csproj", "{F2024AE4-2B88-4DFD-B6ED-F2ECB7349E93}"
EndProject
Project("{FAE04EC0-301F-11D3-BF4B-00C04F79EFBC}") = "Hamekoz.Reportes", "Hamekoz.Reportes\Hamekoz.Reportes.csproj", "{29DC07C7-4B1A-4AC2-99A5-7AE8C795A62A}"
EndProject
Project("{FAE04EC0-301F-11D3-BF4B-00C04F79EFBC}") = "Hamekoz.UI.Gtk", "Hamekoz.UI.Gtk\Hamekoz.UI.Gtk.csproj", "{35F2BA75-C58A-46F9-866E-B528671FB0D0}"
EndProject
Project("{FAE04EC0-301F-11D3-BF4B-00C04F79EFBC}") = "Hamekoz.UI.WinForm", "Hamekoz.UI.WinForm\Hamekoz.UI.WinForm.csproj", "{9184B746-F0F7-41A3-B0EA-7FE5D1B8BBCF}"
EndProject
Project("{FAE04EC0-301F-11D3-BF4B-00C04F79EFBC}") = "Hamekoz", "Hamekoz\Hamekoz.csproj", "{6201BB5D-2825-4E51-B610-1230C5585362}"
EndProject
Project("{FAE04EC0-301F-11D3-BF4B-00C04F79EFBC}") = "Hamekoz.Core", "Hamekoz.Core\Hamekoz.Core.csproj", "{C5A5D712-545F-4088-B6B3-610BB7B61E9D}"
EndProject
Project("{FAE04EC0-301F-11D3-BF4B-00C04F79EFBC}") = "Hamekoz.Argentina", "Hamekoz.Argentina\Hamekoz.Argentina.csproj", "{A996E409-1FB5-49C4-94E4-EFB8AB5BE44E}"
EndProject
Project("{FAE04EC0-301F-11D3-BF4B-00C04F79EFBC}") = "Hamekoz.Tests", "Hamekoz.Tests\Hamekoz.Tests.csproj", "{72C95C7D-ECC8-4392-B003-181995BC89B4}"
EndProject
Project("{FAE04EC0-301F-11D3-BF4B-00C04F79EFBC}") = "Hamekoz.UI.Xwt", "Hamekoz.UI.Xwt\Hamekoz.UI.Xwt.csproj", "{57C0A7DC-F7B7-42C3-AE4D-984938F61542}"
EndProject
Project("{FAE04EC0-301F-11D3-BF4B-00C04F79EFBC}") = "Hamekoz.Fiscal", "Hamekoz.Fiscal\Hamekoz.Fiscal.csproj", "{E773C3F7-FCB9-496E-871E-E0EA20E880EF}"
EndProject
Project("{FAE04EC0-301F-11D3-BF4B-00C04F79EFBC}") = "Hamekoz.Fiscal.Hasar.OCX", "Hamekoz.Fiscal.Hasar.OCX\Hamekoz.Fiscal.Hasar.OCX.csproj", "{A42896DA-744C-4366-9CC3-770583EADB4E}"
EndProject
Project("{FAE04EC0-301F-11D3-BF4B-00C04F79EFBC}") = "Hamekoz.Fiscal.Hasar.Spooler", "Hamekoz.Fiscal.Hasar.Spooler\Hamekoz.Fiscal.Hasar.Spooler.csproj", "{8F803E76-E8C1-45D7-88D1-E97B56297E75}"
EndProject
Project("{2150E333-8FDC-42A3-9474-1A3956D46DE8}") = "Xwt", "Xwt", "{FCD61DDE-E1C7-40AE-9227-1BD8699293EA}"
EndProject
Project("{FAE04EC0-301F-11D3-BF4B-00C04F79EFBC}") = "Xwt", "xwt\Xwt\Xwt.csproj", "{92494904-35FA-4DC9-BDE9-3A3E87AC49D3}"
EndProject
Project("{FAE04EC0-301F-11D3-BF4B-00C04F79EFBC}") = "Xwt.Gtk", "xwt\Xwt.Gtk\Xwt.Gtk.csproj", "{C3887A93-B2BD-4097-8E2F-3A063EFF32FD}"
EndProject
Project("{FAE04EC0-301F-11D3-BF4B-00C04F79EFBC}") = "Xwt.Gtk3", "xwt\Xwt.Gtk\Xwt.Gtk3.csproj", "{3B25FD1F-CEBA-4450-8893-DC330FDB56A7}"
EndProject
Global
	GlobalSection(SolutionConfigurationPlatforms) = preSolution
		Debug|Any CPU = Debug|Any CPU
		Release|Any CPU = Release|Any CPU
		Debug Win|Any CPU = Debug Win|Any CPU
		Release Win|Any CPU = Release Win|Any CPU
	EndGlobalSection
	GlobalSection(ProjectConfigurationPlatforms) = postSolution
		{29DC07C7-4B1A-4AC2-99A5-7AE8C795A62A}.Debug Win|Any CPU.ActiveCfg = Debug|Any CPU
		{29DC07C7-4B1A-4AC2-99A5-7AE8C795A62A}.Debug Win|Any CPU.Build.0 = Debug|Any CPU
		{29DC07C7-4B1A-4AC2-99A5-7AE8C795A62A}.Debug|Any CPU.ActiveCfg = Debug|Any CPU
		{29DC07C7-4B1A-4AC2-99A5-7AE8C795A62A}.Debug|Any CPU.Build.0 = Debug|Any CPU
		{29DC07C7-4B1A-4AC2-99A5-7AE8C795A62A}.Release Win|Any CPU.ActiveCfg = Release|Any CPU
		{29DC07C7-4B1A-4AC2-99A5-7AE8C795A62A}.Release Win|Any CPU.Build.0 = Release|Any CPU
		{29DC07C7-4B1A-4AC2-99A5-7AE8C795A62A}.Release|Any CPU.ActiveCfg = Release|Any CPU
		{29DC07C7-4B1A-4AC2-99A5-7AE8C795A62A}.Release|Any CPU.Build.0 = Release|Any CPU
		{35F2BA75-C58A-46F9-866E-B528671FB0D0}.Debug Win|Any CPU.ActiveCfg = Debug Win|Any CPU
		{35F2BA75-C58A-46F9-866E-B528671FB0D0}.Debug Win|Any CPU.Build.0 = Debug Win|Any CPU
		{35F2BA75-C58A-46F9-866E-B528671FB0D0}.Debug|Any CPU.ActiveCfg = Debug|Any CPU
		{35F2BA75-C58A-46F9-866E-B528671FB0D0}.Debug|Any CPU.Build.0 = Debug|Any CPU
		{35F2BA75-C58A-46F9-866E-B528671FB0D0}.Release Win|Any CPU.ActiveCfg = Release Win|Any CPU
		{35F2BA75-C58A-46F9-866E-B528671FB0D0}.Release Win|Any CPU.Build.0 = Release Win|Any CPU
		{35F2BA75-C58A-46F9-866E-B528671FB0D0}.Release|Any CPU.ActiveCfg = Release|Any CPU
		{35F2BA75-C58A-46F9-866E-B528671FB0D0}.Release|Any CPU.Build.0 = Release|Any CPU
		{3B25FD1F-CEBA-4450-8893-DC330FDB56A7}.Debug Win|Any CPU.ActiveCfg = Debug|Any CPU
		{3B25FD1F-CEBA-4450-8893-DC330FDB56A7}.Debug Win|Any CPU.Build.0 = Debug|Any CPU
		{3B25FD1F-CEBA-4450-8893-DC330FDB56A7}.Debug|Any CPU.ActiveCfg = Debug|Any CPU
		{3B25FD1F-CEBA-4450-8893-DC330FDB56A7}.Debug|Any CPU.Build.0 = Debug|Any CPU
		{3B25FD1F-CEBA-4450-8893-DC330FDB56A7}.Release Win|Any CPU.ActiveCfg = Release|Any CPU
		{3B25FD1F-CEBA-4450-8893-DC330FDB56A7}.Release Win|Any CPU.Build.0 = Release|Any CPU
		{3B25FD1F-CEBA-4450-8893-DC330FDB56A7}.Release|Any CPU.ActiveCfg = Release|Any CPU
		{3B25FD1F-CEBA-4450-8893-DC330FDB56A7}.Release|Any CPU.Build.0 = Release|Any CPU
		{57C0A7DC-F7B7-42C3-AE4D-984938F61542}.Debug Win|Any CPU.ActiveCfg = Debug|Any CPU
		{57C0A7DC-F7B7-42C3-AE4D-984938F61542}.Debug Win|Any CPU.Build.0 = Debug|Any CPU
		{57C0A7DC-F7B7-42C3-AE4D-984938F61542}.Debug|Any CPU.ActiveCfg = Debug|Any CPU
		{57C0A7DC-F7B7-42C3-AE4D-984938F61542}.Debug|Any CPU.Build.0 = Debug|Any CPU
		{57C0A7DC-F7B7-42C3-AE4D-984938F61542}.Release Win|Any CPU.ActiveCfg = Release|Any CPU
		{57C0A7DC-F7B7-42C3-AE4D-984938F61542}.Release Win|Any CPU.Build.0 = Release|Any CPU
		{57C0A7DC-F7B7-42C3-AE4D-984938F61542}.Release|Any CPU.ActiveCfg = Release|Any CPU
		{57C0A7DC-F7B7-42C3-AE4D-984938F61542}.Release|Any CPU.Build.0 = Release|Any CPU
		{6201BB5D-2825-4E51-B610-1230C5585362}.Debug Win|Any CPU.ActiveCfg = Debug|Any CPU
		{6201BB5D-2825-4E51-B610-1230C5585362}.Debug Win|Any CPU.Build.0 = Debug|Any CPU
		{6201BB5D-2825-4E51-B610-1230C5585362}.Debug|Any CPU.ActiveCfg = Debug|Any CPU
		{6201BB5D-2825-4E51-B610-1230C5585362}.Debug|Any CPU.Build.0 = Debug|Any CPU
		{6201BB5D-2825-4E51-B610-1230C5585362}.Release Win|Any CPU.ActiveCfg = Release|Any CPU
		{6201BB5D-2825-4E51-B610-1230C5585362}.Release Win|Any CPU.Build.0 = Release|Any CPU
		{6201BB5D-2825-4E51-B610-1230C5585362}.Release|Any CPU.ActiveCfg = Release|Any CPU
		{6201BB5D-2825-4E51-B610-1230C5585362}.Release|Any CPU.Build.0 = Release|Any CPU
		{72C95C7D-ECC8-4392-B003-181995BC89B4}.Debug Win|Any CPU.ActiveCfg = Debug|Any CPU
		{72C95C7D-ECC8-4392-B003-181995BC89B4}.Debug Win|Any CPU.Build.0 = Debug|Any CPU
		{72C95C7D-ECC8-4392-B003-181995BC89B4}.Debug|Any CPU.ActiveCfg = Debug|Any CPU
		{72C95C7D-ECC8-4392-B003-181995BC89B4}.Debug|Any CPU.Build.0 = Debug|Any CPU
		{72C95C7D-ECC8-4392-B003-181995BC89B4}.Release Win|Any CPU.ActiveCfg = Release|Any CPU
		{72C95C7D-ECC8-4392-B003-181995BC89B4}.Release Win|Any CPU.Build.0 = Release|Any CPU
		{72C95C7D-ECC8-4392-B003-181995BC89B4}.Release|Any CPU.ActiveCfg = Release|Any CPU
		{72C95C7D-ECC8-4392-B003-181995BC89B4}.Release|Any CPU.Build.0 = Release|Any CPU
		{8F803E76-E8C1-45D7-88D1-E97B56297E75}.Debug Win|Any CPU.ActiveCfg = Debug|Any CPU
		{8F803E76-E8C1-45D7-88D1-E97B56297E75}.Debug Win|Any CPU.Build.0 = Debug|Any CPU
		{8F803E76-E8C1-45D7-88D1-E97B56297E75}.Debug|Any CPU.ActiveCfg = Debug|Any CPU
		{8F803E76-E8C1-45D7-88D1-E97B56297E75}.Debug|Any CPU.Build.0 = Debug|Any CPU
		{8F803E76-E8C1-45D7-88D1-E97B56297E75}.Release Win|Any CPU.ActiveCfg = Release|Any CPU
		{8F803E76-E8C1-45D7-88D1-E97B56297E75}.Release Win|Any CPU.Build.0 = Release|Any CPU
		{8F803E76-E8C1-45D7-88D1-E97B56297E75}.Release|Any CPU.ActiveCfg = Release|Any CPU
		{8F803E76-E8C1-45D7-88D1-E97B56297E75}.Release|Any CPU.Build.0 = Release|Any CPU
		{9184B746-F0F7-41A3-B0EA-7FE5D1B8BBCF}.Debug Win|Any CPU.ActiveCfg = Debug|Any CPU
		{9184B746-F0F7-41A3-B0EA-7FE5D1B8BBCF}.Debug Win|Any CPU.Build.0 = Debug|Any CPU
		{9184B746-F0F7-41A3-B0EA-7FE5D1B8BBCF}.Debug|Any CPU.ActiveCfg = Debug|Any CPU
		{9184B746-F0F7-41A3-B0EA-7FE5D1B8BBCF}.Debug|Any CPU.Build.0 = Debug|Any CPU
		{9184B746-F0F7-41A3-B0EA-7FE5D1B8BBCF}.Release Win|Any CPU.ActiveCfg = Release|Any CPU
		{9184B746-F0F7-41A3-B0EA-7FE5D1B8BBCF}.Release Win|Any CPU.Build.0 = Release|Any CPU
		{9184B746-F0F7-41A3-B0EA-7FE5D1B8BBCF}.Release|Any CPU.ActiveCfg = Release|Any CPU
		{9184B746-F0F7-41A3-B0EA-7FE5D1B8BBCF}.Release|Any CPU.Build.0 = Release|Any CPU
		{92494904-35FA-4DC9-BDE9-3A3E87AC49D3}.Debug Win|Any CPU.ActiveCfg = Debug|Any CPU
		{92494904-35FA-4DC9-BDE9-3A3E87AC49D3}.Debug Win|Any CPU.Build.0 = Debug|Any CPU
		{92494904-35FA-4DC9-BDE9-3A3E87AC49D3}.Debug|Any CPU.ActiveCfg = Debug|Any CPU
		{92494904-35FA-4DC9-BDE9-3A3E87AC49D3}.Debug|Any CPU.Build.0 = Debug|Any CPU
		{92494904-35FA-4DC9-BDE9-3A3E87AC49D3}.Release Win|Any CPU.ActiveCfg = Release|Any CPU
		{92494904-35FA-4DC9-BDE9-3A3E87AC49D3}.Release Win|Any CPU.Build.0 = Release|Any CPU
		{92494904-35FA-4DC9-BDE9-3A3E87AC49D3}.Release|Any CPU.ActiveCfg = Release|Any CPU
		{92494904-35FA-4DC9-BDE9-3A3E87AC49D3}.Release|Any CPU.Build.0 = Release|Any CPU
		{A42896DA-744C-4366-9CC3-770583EADB4E}.Debug Win|Any CPU.ActiveCfg = Debug|Any CPU
		{A42896DA-744C-4366-9CC3-770583EADB4E}.Debug Win|Any CPU.Build.0 = Debug|Any CPU
		{A42896DA-744C-4366-9CC3-770583EADB4E}.Debug|Any CPU.ActiveCfg = Debug|Any CPU
		{A42896DA-744C-4366-9CC3-770583EADB4E}.Release Win|Any CPU.ActiveCfg = Release|Any CPU
		{A42896DA-744C-4366-9CC3-770583EADB4E}.Release Win|Any CPU.Build.0 = Release|Any CPU
		{A42896DA-744C-4366-9CC3-770583EADB4E}.Release|Any CPU.ActiveCfg = Release|Any CPU
		{A996E409-1FB5-49C4-94E4-EFB8AB5BE44E}.Debug Win|Any CPU.ActiveCfg = Debug|Any CPU
		{A996E409-1FB5-49C4-94E4-EFB8AB5BE44E}.Debug Win|Any CPU.Build.0 = Debug|Any CPU
		{A996E409-1FB5-49C4-94E4-EFB8AB5BE44E}.Debug|Any CPU.ActiveCfg = Debug|Any CPU
		{A996E409-1FB5-49C4-94E4-EFB8AB5BE44E}.Debug|Any CPU.Build.0 = Debug|Any CPU
		{A996E409-1FB5-49C4-94E4-EFB8AB5BE44E}.Release Win|Any CPU.ActiveCfg = Release|Any CPU
		{A996E409-1FB5-49C4-94E4-EFB8AB5BE44E}.Release Win|Any CPU.Build.0 = Release|Any CPU
		{A996E409-1FB5-49C4-94E4-EFB8AB5BE44E}.Release|Any CPU.ActiveCfg = Release|Any CPU
		{A996E409-1FB5-49C4-94E4-EFB8AB5BE44E}.Release|Any CPU.Build.0 = Release|Any CPU
		{C3887A93-B2BD-4097-8E2F-3A063EFF32FD}.Debug Win|Any CPU.ActiveCfg = Debug|Any CPU
		{C3887A93-B2BD-4097-8E2F-3A063EFF32FD}.Debug Win|Any CPU.Build.0 = Debug|Any CPU
		{C3887A93-B2BD-4097-8E2F-3A063EFF32FD}.Debug|Any CPU.ActiveCfg = Debug|Any CPU
		{C3887A93-B2BD-4097-8E2F-3A063EFF32FD}.Debug|Any CPU.Build.0 = Debug|Any CPU
		{C3887A93-B2BD-4097-8E2F-3A063EFF32FD}.Release Win|Any CPU.ActiveCfg = Release|Any CPU
		{C3887A93-B2BD-4097-8E2F-3A063EFF32FD}.Release Win|Any CPU.Build.0 = Release|Any CPU
		{C3887A93-B2BD-4097-8E2F-3A063EFF32FD}.Release|Any CPU.ActiveCfg = Release|Any CPU
		{C3887A93-B2BD-4097-8E2F-3A063EFF32FD}.Release|Any CPU.Build.0 = Release|Any CPU
		{C5A5D712-545F-4088-B6B3-610BB7B61E9D}.Debug Win|Any CPU.ActiveCfg = Debug|Any CPU
		{C5A5D712-545F-4088-B6B3-610BB7B61E9D}.Debug Win|Any CPU.Build.0 = Debug|Any CPU
		{C5A5D712-545F-4088-B6B3-610BB7B61E9D}.Debug|Any CPU.ActiveCfg = Debug|Any CPU
		{C5A5D712-545F-4088-B6B3-610BB7B61E9D}.Debug|Any CPU.Build.0 = Debug|Any CPU
		{C5A5D712-545F-4088-B6B3-610BB7B61E9D}.Release Win|Any CPU.ActiveCfg = Release|Any CPU
		{C5A5D712-545F-4088-B6B3-610BB7B61E9D}.Release Win|Any CPU.Build.0 = Release|Any CPU
		{C5A5D712-545F-4088-B6B3-610BB7B61E9D}.Release|Any CPU.ActiveCfg = Release|Any CPU
		{C5A5D712-545F-4088-B6B3-610BB7B61E9D}.Release|Any CPU.Build.0 = Release|Any CPU
		{E773C3F7-FCB9-496E-871E-E0EA20E880EF}.Debug Win|Any CPU.ActiveCfg = Debug|Any CPU
		{E773C3F7-FCB9-496E-871E-E0EA20E880EF}.Debug Win|Any CPU.Build.0 = Debug|Any CPU
		{E773C3F7-FCB9-496E-871E-E0EA20E880EF}.Debug|Any CPU.ActiveCfg = Debug|Any CPU
		{E773C3F7-FCB9-496E-871E-E0EA20E880EF}.Debug|Any CPU.Build.0 = Debug|Any CPU
		{E773C3F7-FCB9-496E-871E-E0EA20E880EF}.Release Win|Any CPU.ActiveCfg = Release|Any CPU
		{E773C3F7-FCB9-496E-871E-E0EA20E880EF}.Release Win|Any CPU.Build.0 = Release|Any CPU
		{E773C3F7-FCB9-496E-871E-E0EA20E880EF}.Release|Any CPU.ActiveCfg = Release|Any CPU
		{E773C3F7-FCB9-496E-871E-E0EA20E880EF}.Release|Any CPU.Build.0 = Release|Any CPU
		{F2024AE4-2B88-4DFD-B6ED-F2ECB7349E93}.Debug Win|Any CPU.ActiveCfg = Debug|Any CPU
		{F2024AE4-2B88-4DFD-B6ED-F2ECB7349E93}.Debug Win|Any CPU.Build.0 = Debug|Any CPU
		{F2024AE4-2B88-4DFD-B6ED-F2ECB7349E93}.Debug|Any CPU.ActiveCfg = Debug|Any CPU
		{F2024AE4-2B88-4DFD-B6ED-F2ECB7349E93}.Debug|Any CPU.Build.0 = Debug|Any CPU
		{F2024AE4-2B88-4DFD-B6ED-F2ECB7349E93}.Release Win|Any CPU.ActiveCfg = Release|Any CPU
		{F2024AE4-2B88-4DFD-B6ED-F2ECB7349E93}.Release Win|Any CPU.Build.0 = Release|Any CPU
		{F2024AE4-2B88-4DFD-B6ED-F2ECB7349E93}.Release|Any CPU.ActiveCfg = Release|Any CPU
		{F2024AE4-2B88-4DFD-B6ED-F2ECB7349E93}.Release|Any CPU.Build.0 = Release|Any CPU
	EndGlobalSection
	GlobalSection(NestedProjects) = preSolution
		{92494904-35FA-4DC9-BDE9-3A3E87AC49D3} = {FCD61DDE-E1C7-40AE-9227-1BD8699293EA}
		{C3887A93-B2BD-4097-8E2F-3A063EFF32FD} = {FCD61DDE-E1C7-40AE-9227-1BD8699293EA}
		{3B25FD1F-CEBA-4450-8893-DC330FDB56A7} = {FCD61DDE-E1C7-40AE-9227-1BD8699293EA}
	EndGlobalSection
	GlobalSection(MonoDevelopProperties) = preSolution
		Policies = $0
		$0.DotNetNamingPolicy = $1
		$1.DirectoryNamespaceAssociation = None
		$1.ResourceNamePolicy = FileFormatDefault
		$0.StandardHeader = $2
		$2.Text = @\n ${FileName}\n \n Author:\n      ${AuthorName} <${AuthorEmail}>\n \n Copyright (c) ${Year} ${CopyrightHolder}\n\n This program is free software: you can redistribute it and/or modify\n it under the terms of the GNU Lesser General Public License as published by\n the Free Software Foundation, either version 3 of the License, or\n (at your option) any later version.\n\n This program is distributed in the hope that it will be useful,\n but WITHOUT ANY WARRANTY; without even the implied warranty of\n MERCHANTABILITY or FITNESS FOR A PARTICULAR PURPOSE.  See the\n GNU Lesser General Public License for more details.\n\n You should have received a copy of the GNU Lesser General Public License\n along with this program.  If not, see <http://www.gnu.org/licenses/>.
		$2.IncludeInNewFiles = True
		$0.NameConventionPolicy = $3
		$3.Rules = $4
		$4.NamingRule = $5
		$5.Name = Namespaces
		$5.AffectedEntity = Namespace
		$5.VisibilityMask = VisibilityMask
		$5.NamingStyle = PascalCase
		$5.IncludeInstanceMembers = True
		$5.IncludeStaticEntities = True
		$4.NamingRule = $6
		$6.Name = Types
		$6.AffectedEntity = Class, Struct, Enum, Delegate
		$6.VisibilityMask = VisibilityMask
		$6.NamingStyle = PascalCase
		$6.IncludeInstanceMembers = True
		$6.IncludeStaticEntities = True
		$4.NamingRule = $7
		$7.Name = Interfaces
		$7.RequiredPrefixes = $8
		$8.String = I
		$7.AffectedEntity = Interface
		$7.VisibilityMask = VisibilityMask
		$7.NamingStyle = PascalCase
		$7.IncludeInstanceMembers = True
		$7.IncludeStaticEntities = True
		$4.NamingRule = $9
		$9.Name = Attributes
		$9.RequiredSuffixes = $10
		$10.String = Attribute
		$9.AffectedEntity = CustomAttributes
		$9.VisibilityMask = VisibilityMask
		$9.NamingStyle = PascalCase
		$9.IncludeInstanceMembers = True
		$9.IncludeStaticEntities = True
		$4.NamingRule = $11
		$11.Name = Event Arguments
		$11.RequiredSuffixes = $12
		$12.String = EventArgs
		$11.AffectedEntity = CustomEventArgs
		$11.VisibilityMask = VisibilityMask
		$11.NamingStyle = PascalCase
		$11.IncludeInstanceMembers = True
		$11.IncludeStaticEntities = True
		$4.NamingRule = $13
		$13.Name = Exceptions
		$13.RequiredSuffixes = $14
		$14.String = Exception
		$13.AffectedEntity = CustomExceptions
		$13.VisibilityMask = VisibilityMask
		$13.NamingStyle = PascalCase
		$13.IncludeInstanceMembers = True
		$13.IncludeStaticEntities = True
		$4.NamingRule = $15
		$15.Name = Methods
		$15.AffectedEntity = Methods
		$15.VisibilityMask = VisibilityMask
		$15.NamingStyle = PascalCase
		$15.IncludeInstanceMembers = True
		$15.IncludeStaticEntities = True
		$4.NamingRule = $16
		$16.Name = Static Readonly Fields
		$16.AffectedEntity = ReadonlyField
		$16.VisibilityMask = Internal, Protected, Public
		$16.NamingStyle = PascalCase
		$16.IncludeInstanceMembers = False
		$16.IncludeStaticEntities = True
		$4.NamingRule = $17
		$17.Name = Fields (Non Private)
		$17.AffectedEntity = Field
		$17.VisibilityMask = Internal, Protected, Public
		$17.NamingStyle = PascalCase
		$17.IncludeInstanceMembers = True
		$17.IncludeStaticEntities = True
		$4.NamingRule = $18
		$18.Name = ReadOnly Fields (Non Private)
		$18.AffectedEntity = ReadonlyField
		$18.VisibilityMask = Internal, Protected, Public
		$18.NamingStyle = PascalCase
		$18.IncludeInstanceMembers = True
		$18.IncludeStaticEntities = False
		$4.NamingRule = $19
		$19.Name = Fields (Private)
		$19.AllowedPrefixes = $20
		$20.String = _
		$20.String = m_
		$19.AffectedEntity = Field, ReadonlyField
		$19.VisibilityMask = Private
		$19.NamingStyle = CamelCase
		$19.IncludeInstanceMembers = True
		$19.IncludeStaticEntities = False
		$4.NamingRule = $21
		$21.Name = Static Fields (Private)
		$21.AffectedEntity = Field
		$21.VisibilityMask = Private
		$21.NamingStyle = CamelCase
		$21.IncludeInstanceMembers = False
		$21.IncludeStaticEntities = True
		$4.NamingRule = $22
		$22.Name = ReadOnly Fields (Private)
		$22.AllowedPrefixes = $23
		$23.String = _
		$23.String = m_
		$22.AffectedEntity = ReadonlyField
		$22.VisibilityMask = Private
		$22.NamingStyle = CamelCase
		$22.IncludeInstanceMembers = True
		$22.IncludeStaticEntities = False
		$4.NamingRule = $24
		$24.Name = Constant Fields
		$24.AffectedEntity = ConstantField
		$24.VisibilityMask = VisibilityMask
		$24.NamingStyle = PascalCase
		$24.IncludeInstanceMembers = True
		$24.IncludeStaticEntities = True
		$4.NamingRule = $25
		$25.Name = Properties
		$25.AffectedEntity = Property
		$25.VisibilityMask = VisibilityMask
		$25.NamingStyle = PascalCase
		$25.IncludeInstanceMembers = True
		$25.IncludeStaticEntities = True
		$4.NamingRule = $26
		$26.Name = Events
		$26.AffectedEntity = Event
		$26.VisibilityMask = VisibilityMask
		$26.NamingStyle = PascalCase
		$26.IncludeInstanceMembers = True
		$26.IncludeStaticEntities = True
		$4.NamingRule = $27
		$27.Name = Enum Members
		$27.AffectedEntity = EnumMember
		$27.VisibilityMask = VisibilityMask
		$27.NamingStyle = PascalCase
		$27.IncludeInstanceMembers = True
		$27.IncludeStaticEntities = True
		$4.NamingRule = $28
		$28.Name = Parameters
		$28.AffectedEntity = Parameter
		$28.VisibilityMask = VisibilityMask
		$28.NamingStyle = CamelCase
		$28.IncludeInstanceMembers = True
		$28.IncludeStaticEntities = True
		$4.NamingRule = $29
		$29.Name = Type Parameters
		$29.RequiredPrefixes = $30
		$30.String = T
		$29.AffectedEntity = TypeParameter
		$29.VisibilityMask = VisibilityMask
		$29.NamingStyle = PascalCase
		$29.IncludeInstanceMembers = True
		$29.IncludeStaticEntities = True
		$0.VersionControlPolicy = $31
		$31.inheritsSet = Mono
		$0.TextStylePolicy = $32
		$32.inheritsSet = null
		$32.scope = text/x-csharp
		$0.CSharpFormattingPolicy = $33
		$33.AfterDelegateDeclarationParameterComma = True
		$33.inheritsSet = Mono
		$33.inheritsScope = text/x-csharp
		$33.scope = text/x-csharp
		$0.TextStylePolicy = $34
		$34.FileWidth = 120
		$34.TabsToSpaces = False
		$34.inheritsSet = VisualStudio
		$34.inheritsScope = text/plain
		$34.scope = text/plain
		$0.TextStylePolicy = $35
		$35.inheritsSet = null
		$35.scope = text/x-markdown
		$0.TextStylePolicy = $36
		$36.inheritsSet = null
		$36.scope = application/config+xml
		$0.XmlFormattingPolicy = $37
		$37.inheritsSet = null
		$37.scope = application/config+xml
		$0.TextStylePolicy = $38
		$38.inheritsSet = null
		$38.scope = application/xml
		$0.XmlFormattingPolicy = $39
		$39.inheritsSet = Mono
		$39.inheritsScope = application/xml
		$39.scope = application/xml
		$0.TextStylePolicy = $40
		$40.inheritsSet = null
		$40.scope = text/microsoft-resx
		$0.XmlFormattingPolicy = $41
		$41.inheritsSet = null
		$41.scope = text/microsoft-resx
	EndGlobalSection
	GlobalSection(SolutionProperties) = preSolution
		HideSolutionNode = FALSE
	EndGlobalSection
EndGlobal
