
Microsoft Visual Studio Solution File, Format Version 12.00
# Visual Studio 2012
VisualStudioVersion = 12.0.21005.1
MinimumVisualStudioVersion = 10.0.40219.1
Project("{FAE04EC0-301F-11D3-BF4B-00C04F79EFBC}") = "Hamekoz.Data", "Hamekoz.Data\Hamekoz.Data.csproj", "{F2024AE4-2B88-4DFD-B6ED-F2ECB7349E93}"
EndProject
Project("{FAE04EC0-301F-11D3-BF4B-00C04F79EFBC}") = "Hamekoz.Reportes", "Hamekoz.Reportes\Hamekoz.Reportes.csproj", "{29DC07C7-4B1A-4AC2-99A5-7AE8C795A62A}"
EndProject
Project("{FAE04EC0-301F-11D3-BF4B-00C04F79EFBC}") = "Hamekoz.UI.WinForm", "Hamekoz.UI.WinForm\Hamekoz.UI.WinForm.csproj", "{9184B746-F0F7-41A3-B0EA-7FE5D1B8BBCF}"
EndProject
Project("{FAE04EC0-301F-11D3-BF4B-00C04F79EFBC}") = "Hamekoz", "Hamekoz\Hamekoz.csproj", "{6201BB5D-2825-4E51-B610-1230C5585362}"
EndProject
Project("{FAE04EC0-301F-11D3-BF4B-00C04F79EFBC}") = "Hamekoz.Core", "Hamekoz.Core\Hamekoz.Core.csproj", "{C5A5D712-545F-4088-B6B3-610BB7B61E9D}"
EndProject
Project("{FAE04EC0-301F-11D3-BF4B-00C04F79EFBC}") = "Hamekoz.Argentina", "Hamekoz.Argentina\Hamekoz.Argentina.csproj", "{A996E409-1FB5-49C4-94E4-EFB8AB5BE44E}"
EndProject
Project("{FAE04EC0-301F-11D3-BF4B-00C04F79EFBC}") = "Hamekoz.Tests", "Hamekoz.Tests\Hamekoz.Tests.csproj", "{72C95C7D-ECC8-4392-B003-181995BC89B4}"
EndProject
Project("{FAE04EC0-301F-11D3-BF4B-00C04F79EFBC}") = "Hamekoz.Fiscal", "Hamekoz.Fiscal\Hamekoz.Fiscal.csproj", "{E773C3F7-FCB9-496E-871E-E0EA20E880EF}"
EndProject
Project("{FAE04EC0-301F-11D3-BF4B-00C04F79EFBC}") = "Hamekoz.Fiscal.Hasar.OCX", "Hamekoz.Fiscal.Hasar.OCX\Hamekoz.Fiscal.Hasar.OCX.csproj", "{A42896DA-744C-4366-9CC3-770583EADB4E}"
EndProject
Project("{FAE04EC0-301F-11D3-BF4B-00C04F79EFBC}") = "Hamekoz.Fiscal.Hasar.Spooler", "Hamekoz.Fiscal.Hasar.Spooler\Hamekoz.Fiscal.Hasar.Spooler.csproj", "{8F803E76-E8C1-45D7-88D1-E97B56297E75}"
EndProject
Project("{2150E333-8FDC-42A3-9474-1A3956D46DE8}") = "Xwt", "Xwt", "{FCD61DDE-E1C7-40AE-9227-1BD8699293EA}"
EndProject
Project("{FAE04EC0-301F-11D3-BF4B-00C04F79EFBC}") = "Xwt", "xwt\Xwt\Xwt.csproj", "{92494904-35FA-4DC9-BDE9-3A3E87AC49D3}"
EndProject
Project("{FAE04EC0-301F-11D3-BF4B-00C04F79EFBC}") = "Xwt.Gtk", "xwt\Xwt.Gtk\Xwt.Gtk.csproj", "{C3887A93-B2BD-4097-8E2F-3A063EFF32FD}"
EndProject
Project("{FAE04EC0-301F-11D3-BF4B-00C04F79EFBC}") = "Xwt.Gtk3", "xwt\Xwt.Gtk\Xwt.Gtk3.csproj", "{3B25FD1F-CEBA-4450-8893-DC330FDB56A7}"
EndProject
Project("{FAE04EC0-301F-11D3-BF4B-00C04F79EFBC}") = "Hamekoz.UI", "Hamekoz.UI\Hamekoz.UI.csproj", "{57C0A7DC-F7B7-42C3-AE4D-984938F61542}"
EndProject
Project("{9344BDBB-3E7F-41FC-A0DD-8665D75EE146}") = "Hamekoz", "Hamekoz.locale\Hamekoz.mdproj", "{5883A459-C6F2-4576-AAD1-41C20D2371C5}"
EndProject
Project("{FAE04EC0-301F-11D3-BF4B-00C04F79EFBC}") = "Hamekoz.Argentina.Afip", "Hamekoz.Argentina.Afip\Hamekoz.Argentina.Afip.csproj", "{E79A4EB9-F6CE-4124-A71A-0E56D6999FE3}"
EndProject
Project("{D954291E-2A0B-460D-934E-DC6B0785DB48}") = "Hamekoz.Shared", "Hamekoz.Shared\Hamekoz.Shared.shproj", "{5BF8AF42-F3DB-4842-ADC0-CE95561138B5}"
EndProject
Project("{FAE04EC0-301F-11D3-BF4B-00C04F79EFBC}") = "Hamekoz.Fiscal.Hasar.IFH2G", "Hamekoz.Fiscal.Hasar.IFH2G\Hamekoz.Fiscal.Hasar.IFH2G.csproj", "{2892BE94-282F-4DED-A995-079B6026D553}"
EndProject
Project("{FAE04EC0-301F-11D3-BF4B-00C04F79EFBC}") = "Hamekoz.Negocio.UI", "Hamekoz.Negocio.UI\Hamekoz.Negocio.UI.csproj", "{7F32F597-EA48-49FA-B5D9-5B9CDF922041}"
EndProject
Project("{FAE04EC0-301F-11D3-BF4B-00C04F79EFBC}") = "Hamekoz.Negocio.UI.Desktop", "Hamekoz.Negocio.UI.Desktop\Hamekoz.Negocio.UI.Desktop.csproj", "{4E73060A-EBB3-4D30-824E-39BE8DD8917E}"
EndProject
Global
	GlobalSection(SolutionConfigurationPlatforms) = preSolution
		Debug|Any CPU = Debug|Any CPU
		Release|Any CPU = Release|Any CPU
		Debug Win|Any CPU = Debug Win|Any CPU
		Release Win|Any CPU = Release Win|Any CPU
	EndGlobalSection
	GlobalSection(ProjectConfigurationPlatforms) = postSolution
		{2892BE94-282F-4DED-A995-079B6026D553}.Debug Win|Any CPU.ActiveCfg = Debug|Any CPU
		{2892BE94-282F-4DED-A995-079B6026D553}.Debug Win|Any CPU.Build.0 = Debug|Any CPU
		{2892BE94-282F-4DED-A995-079B6026D553}.Debug|Any CPU.ActiveCfg = Debug|Any CPU
		{2892BE94-282F-4DED-A995-079B6026D553}.Debug|Any CPU.Build.0 = Debug|Any CPU
		{2892BE94-282F-4DED-A995-079B6026D553}.Release Win|Any CPU.ActiveCfg = Release|Any CPU
		{2892BE94-282F-4DED-A995-079B6026D553}.Release Win|Any CPU.Build.0 = Release|Any CPU
		{2892BE94-282F-4DED-A995-079B6026D553}.Release|Any CPU.ActiveCfg = Release|Any CPU
		{2892BE94-282F-4DED-A995-079B6026D553}.Release|Any CPU.Build.0 = Release|Any CPU
		{29DC07C7-4B1A-4AC2-99A5-7AE8C795A62A}.Debug Win|Any CPU.ActiveCfg = Debug|Any CPU
		{29DC07C7-4B1A-4AC2-99A5-7AE8C795A62A}.Debug Win|Any CPU.Build.0 = Debug|Any CPU
		{29DC07C7-4B1A-4AC2-99A5-7AE8C795A62A}.Debug|Any CPU.ActiveCfg = Debug|Any CPU
		{29DC07C7-4B1A-4AC2-99A5-7AE8C795A62A}.Debug|Any CPU.Build.0 = Debug|Any CPU
		{29DC07C7-4B1A-4AC2-99A5-7AE8C795A62A}.Release Win|Any CPU.ActiveCfg = Release|Any CPU
		{29DC07C7-4B1A-4AC2-99A5-7AE8C795A62A}.Release Win|Any CPU.Build.0 = Release|Any CPU
		{29DC07C7-4B1A-4AC2-99A5-7AE8C795A62A}.Release|Any CPU.ActiveCfg = Release|Any CPU
		{29DC07C7-4B1A-4AC2-99A5-7AE8C795A62A}.Release|Any CPU.Build.0 = Release|Any CPU
		{3B25FD1F-CEBA-4450-8893-DC330FDB56A7}.Debug Win|Any CPU.ActiveCfg = Debug|Any CPU
		{3B25FD1F-CEBA-4450-8893-DC330FDB56A7}.Debug Win|Any CPU.Build.0 = Debug|Any CPU
		{3B25FD1F-CEBA-4450-8893-DC330FDB56A7}.Debug|Any CPU.ActiveCfg = Debug|Any CPU
		{3B25FD1F-CEBA-4450-8893-DC330FDB56A7}.Debug|Any CPU.Build.0 = Debug|Any CPU
		{3B25FD1F-CEBA-4450-8893-DC330FDB56A7}.Release Win|Any CPU.ActiveCfg = Release|Any CPU
		{3B25FD1F-CEBA-4450-8893-DC330FDB56A7}.Release Win|Any CPU.Build.0 = Release|Any CPU
		{3B25FD1F-CEBA-4450-8893-DC330FDB56A7}.Release|Any CPU.ActiveCfg = Release|Any CPU
		{3B25FD1F-CEBA-4450-8893-DC330FDB56A7}.Release|Any CPU.Build.0 = Release|Any CPU
		{4E73060A-EBB3-4D30-824E-39BE8DD8917E}.Debug Win|Any CPU.ActiveCfg = Debug|Any CPU
		{4E73060A-EBB3-4D30-824E-39BE8DD8917E}.Debug Win|Any CPU.Build.0 = Debug|Any CPU
		{4E73060A-EBB3-4D30-824E-39BE8DD8917E}.Debug|Any CPU.ActiveCfg = Debug|Any CPU
		{4E73060A-EBB3-4D30-824E-39BE8DD8917E}.Debug|Any CPU.Build.0 = Debug|Any CPU
		{4E73060A-EBB3-4D30-824E-39BE8DD8917E}.Release Win|Any CPU.ActiveCfg = Release|Any CPU
		{4E73060A-EBB3-4D30-824E-39BE8DD8917E}.Release Win|Any CPU.Build.0 = Release|Any CPU
		{4E73060A-EBB3-4D30-824E-39BE8DD8917E}.Release|Any CPU.ActiveCfg = Release|Any CPU
		{4E73060A-EBB3-4D30-824E-39BE8DD8917E}.Release|Any CPU.Build.0 = Release|Any CPU
		{57C0A7DC-F7B7-42C3-AE4D-984938F61542}.Debug Win|Any CPU.ActiveCfg = Debug|Any CPU
		{57C0A7DC-F7B7-42C3-AE4D-984938F61542}.Debug Win|Any CPU.Build.0 = Debug|Any CPU
		{57C0A7DC-F7B7-42C3-AE4D-984938F61542}.Debug|Any CPU.ActiveCfg = Debug|Any CPU
		{57C0A7DC-F7B7-42C3-AE4D-984938F61542}.Debug|Any CPU.Build.0 = Debug|Any CPU
		{57C0A7DC-F7B7-42C3-AE4D-984938F61542}.Release Win|Any CPU.ActiveCfg = Release|Any CPU
		{57C0A7DC-F7B7-42C3-AE4D-984938F61542}.Release Win|Any CPU.Build.0 = Release|Any CPU
		{57C0A7DC-F7B7-42C3-AE4D-984938F61542}.Release|Any CPU.ActiveCfg = Release|Any CPU
		{57C0A7DC-F7B7-42C3-AE4D-984938F61542}.Release|Any CPU.Build.0 = Release|Any CPU
		{5883A459-C6F2-4576-AAD1-41C20D2371C5}.Debug Win|Any CPU.ActiveCfg = Debug|Any CPU
		{5883A459-C6F2-4576-AAD1-41C20D2371C5}.Debug Win|Any CPU.Build.0 = Debug|Any CPU
		{5883A459-C6F2-4576-AAD1-41C20D2371C5}.Debug|Any CPU.ActiveCfg = Debug|Any CPU
		{5883A459-C6F2-4576-AAD1-41C20D2371C5}.Debug|Any CPU.Build.0 = Debug|Any CPU
		{5883A459-C6F2-4576-AAD1-41C20D2371C5}.Release Win|Any CPU.ActiveCfg = Release|Any CPU
		{5883A459-C6F2-4576-AAD1-41C20D2371C5}.Release Win|Any CPU.Build.0 = Release|Any CPU
		{5883A459-C6F2-4576-AAD1-41C20D2371C5}.Release|Any CPU.ActiveCfg = Release|Any CPU
		{5883A459-C6F2-4576-AAD1-41C20D2371C5}.Release|Any CPU.Build.0 = Release|Any CPU
		{6201BB5D-2825-4E51-B610-1230C5585362}.Debug Win|Any CPU.ActiveCfg = Debug|Any CPU
		{6201BB5D-2825-4E51-B610-1230C5585362}.Debug Win|Any CPU.Build.0 = Debug|Any CPU
		{6201BB5D-2825-4E51-B610-1230C5585362}.Debug|Any CPU.ActiveCfg = Debug|Any CPU
		{6201BB5D-2825-4E51-B610-1230C5585362}.Debug|Any CPU.Build.0 = Debug|Any CPU
		{6201BB5D-2825-4E51-B610-1230C5585362}.Release Win|Any CPU.ActiveCfg = Release|Any CPU
		{6201BB5D-2825-4E51-B610-1230C5585362}.Release Win|Any CPU.Build.0 = Release|Any CPU
		{6201BB5D-2825-4E51-B610-1230C5585362}.Release|Any CPU.ActiveCfg = Release|Any CPU
		{6201BB5D-2825-4E51-B610-1230C5585362}.Release|Any CPU.Build.0 = Release|Any CPU
		{72C95C7D-ECC8-4392-B003-181995BC89B4}.Debug Win|Any CPU.ActiveCfg = Debug|Any CPU
		{72C95C7D-ECC8-4392-B003-181995BC89B4}.Debug Win|Any CPU.Build.0 = Debug|Any CPU
		{72C95C7D-ECC8-4392-B003-181995BC89B4}.Debug|Any CPU.ActiveCfg = Debug|Any CPU
		{72C95C7D-ECC8-4392-B003-181995BC89B4}.Debug|Any CPU.Build.0 = Debug|Any CPU
		{72C95C7D-ECC8-4392-B003-181995BC89B4}.Release Win|Any CPU.ActiveCfg = Release|Any CPU
		{72C95C7D-ECC8-4392-B003-181995BC89B4}.Release Win|Any CPU.Build.0 = Release|Any CPU
		{72C95C7D-ECC8-4392-B003-181995BC89B4}.Release|Any CPU.ActiveCfg = Release|Any CPU
		{72C95C7D-ECC8-4392-B003-181995BC89B4}.Release|Any CPU.Build.0 = Release|Any CPU
		{7F32F597-EA48-49FA-B5D9-5B9CDF922041}.Debug Win|Any CPU.ActiveCfg = Debug|Any CPU
		{7F32F597-EA48-49FA-B5D9-5B9CDF922041}.Debug Win|Any CPU.Build.0 = Debug|Any CPU
		{7F32F597-EA48-49FA-B5D9-5B9CDF922041}.Debug|Any CPU.ActiveCfg = Debug|Any CPU
		{7F32F597-EA48-49FA-B5D9-5B9CDF922041}.Debug|Any CPU.Build.0 = Debug|Any CPU
		{7F32F597-EA48-49FA-B5D9-5B9CDF922041}.Release Win|Any CPU.ActiveCfg = Release|Any CPU
		{7F32F597-EA48-49FA-B5D9-5B9CDF922041}.Release Win|Any CPU.Build.0 = Release|Any CPU
		{7F32F597-EA48-49FA-B5D9-5B9CDF922041}.Release|Any CPU.ActiveCfg = Release|Any CPU
		{7F32F597-EA48-49FA-B5D9-5B9CDF922041}.Release|Any CPU.Build.0 = Release|Any CPU
		{8F803E76-E8C1-45D7-88D1-E97B56297E75}.Debug Win|Any CPU.ActiveCfg = Debug|Any CPU
		{8F803E76-E8C1-45D7-88D1-E97B56297E75}.Debug Win|Any CPU.Build.0 = Debug|Any CPU
		{8F803E76-E8C1-45D7-88D1-E97B56297E75}.Debug|Any CPU.ActiveCfg = Debug|Any CPU
		{8F803E76-E8C1-45D7-88D1-E97B56297E75}.Debug|Any CPU.Build.0 = Debug|Any CPU
		{8F803E76-E8C1-45D7-88D1-E97B56297E75}.Release Win|Any CPU.ActiveCfg = Release|Any CPU
		{8F803E76-E8C1-45D7-88D1-E97B56297E75}.Release Win|Any CPU.Build.0 = Release|Any CPU
		{8F803E76-E8C1-45D7-88D1-E97B56297E75}.Release|Any CPU.ActiveCfg = Release|Any CPU
		{8F803E76-E8C1-45D7-88D1-E97B56297E75}.Release|Any CPU.Build.0 = Release|Any CPU
		{9184B746-F0F7-41A3-B0EA-7FE5D1B8BBCF}.Debug Win|Any CPU.ActiveCfg = Debug|Any CPU
		{9184B746-F0F7-41A3-B0EA-7FE5D1B8BBCF}.Debug Win|Any CPU.Build.0 = Debug|Any CPU
		{9184B746-F0F7-41A3-B0EA-7FE5D1B8BBCF}.Debug|Any CPU.ActiveCfg = Debug|Any CPU
		{9184B746-F0F7-41A3-B0EA-7FE5D1B8BBCF}.Debug|Any CPU.Build.0 = Debug|Any CPU
		{9184B746-F0F7-41A3-B0EA-7FE5D1B8BBCF}.Release Win|Any CPU.ActiveCfg = Release|Any CPU
		{9184B746-F0F7-41A3-B0EA-7FE5D1B8BBCF}.Release Win|Any CPU.Build.0 = Release|Any CPU
		{9184B746-F0F7-41A3-B0EA-7FE5D1B8BBCF}.Release|Any CPU.ActiveCfg = Release|Any CPU
		{9184B746-F0F7-41A3-B0EA-7FE5D1B8BBCF}.Release|Any CPU.Build.0 = Release|Any CPU
		{92494904-35FA-4DC9-BDE9-3A3E87AC49D3}.Debug Win|Any CPU.ActiveCfg = Debug|Any CPU
		{92494904-35FA-4DC9-BDE9-3A3E87AC49D3}.Debug Win|Any CPU.Build.0 = Debug|Any CPU
		{92494904-35FA-4DC9-BDE9-3A3E87AC49D3}.Debug|Any CPU.ActiveCfg = Debug|Any CPU
		{92494904-35FA-4DC9-BDE9-3A3E87AC49D3}.Debug|Any CPU.Build.0 = Debug|Any CPU
		{92494904-35FA-4DC9-BDE9-3A3E87AC49D3}.Release Win|Any CPU.ActiveCfg = Release|Any CPU
		{92494904-35FA-4DC9-BDE9-3A3E87AC49D3}.Release Win|Any CPU.Build.0 = Release|Any CPU
		{92494904-35FA-4DC9-BDE9-3A3E87AC49D3}.Release|Any CPU.ActiveCfg = Release|Any CPU
		{92494904-35FA-4DC9-BDE9-3A3E87AC49D3}.Release|Any CPU.Build.0 = Release|Any CPU
		{A42896DA-744C-4366-9CC3-770583EADB4E}.Debug Win|Any CPU.ActiveCfg = Debug|Any CPU
		{A42896DA-744C-4366-9CC3-770583EADB4E}.Debug Win|Any CPU.Build.0 = Debug|Any CPU
		{A42896DA-744C-4366-9CC3-770583EADB4E}.Debug|Any CPU.ActiveCfg = Debug|Any CPU
		{A42896DA-744C-4366-9CC3-770583EADB4E}.Release Win|Any CPU.ActiveCfg = Release|Any CPU
		{A42896DA-744C-4366-9CC3-770583EADB4E}.Release Win|Any CPU.Build.0 = Release|Any CPU
		{A42896DA-744C-4366-9CC3-770583EADB4E}.Release|Any CPU.ActiveCfg = Release|Any CPU
		{A996E409-1FB5-49C4-94E4-EFB8AB5BE44E}.Debug Win|Any CPU.ActiveCfg = Debug|Any CPU
		{A996E409-1FB5-49C4-94E4-EFB8AB5BE44E}.Debug Win|Any CPU.Build.0 = Debug|Any CPU
		{A996E409-1FB5-49C4-94E4-EFB8AB5BE44E}.Debug|Any CPU.ActiveCfg = Debug|Any CPU
		{A996E409-1FB5-49C4-94E4-EFB8AB5BE44E}.Debug|Any CPU.Build.0 = Debug|Any CPU
		{A996E409-1FB5-49C4-94E4-EFB8AB5BE44E}.Release Win|Any CPU.ActiveCfg = Release|Any CPU
		{A996E409-1FB5-49C4-94E4-EFB8AB5BE44E}.Release Win|Any CPU.Build.0 = Release|Any CPU
		{A996E409-1FB5-49C4-94E4-EFB8AB5BE44E}.Release|Any CPU.ActiveCfg = Release|Any CPU
		{A996E409-1FB5-49C4-94E4-EFB8AB5BE44E}.Release|Any CPU.Build.0 = Release|Any CPU
		{C3887A93-B2BD-4097-8E2F-3A063EFF32FD}.Debug Win|Any CPU.ActiveCfg = Debug|Any CPU
		{C3887A93-B2BD-4097-8E2F-3A063EFF32FD}.Debug Win|Any CPU.Build.0 = Debug|Any CPU
		{C3887A93-B2BD-4097-8E2F-3A063EFF32FD}.Debug|Any CPU.ActiveCfg = Debug|Any CPU
		{C3887A93-B2BD-4097-8E2F-3A063EFF32FD}.Debug|Any CPU.Build.0 = Debug|Any CPU
		{C3887A93-B2BD-4097-8E2F-3A063EFF32FD}.Release Win|Any CPU.ActiveCfg = Release|Any CPU
		{C3887A93-B2BD-4097-8E2F-3A063EFF32FD}.Release Win|Any CPU.Build.0 = Release|Any CPU
		{C3887A93-B2BD-4097-8E2F-3A063EFF32FD}.Release|Any CPU.ActiveCfg = Release|Any CPU
		{C3887A93-B2BD-4097-8E2F-3A063EFF32FD}.Release|Any CPU.Build.0 = Release|Any CPU
		{C5A5D712-545F-4088-B6B3-610BB7B61E9D}.Debug Win|Any CPU.ActiveCfg = Debug|Any CPU
		{C5A5D712-545F-4088-B6B3-610BB7B61E9D}.Debug Win|Any CPU.Build.0 = Debug|Any CPU
		{C5A5D712-545F-4088-B6B3-610BB7B61E9D}.Debug|Any CPU.ActiveCfg = Debug|Any CPU
		{C5A5D712-545F-4088-B6B3-610BB7B61E9D}.Debug|Any CPU.Build.0 = Debug|Any CPU
		{C5A5D712-545F-4088-B6B3-610BB7B61E9D}.Release Win|Any CPU.ActiveCfg = Release|Any CPU
		{C5A5D712-545F-4088-B6B3-610BB7B61E9D}.Release Win|Any CPU.Build.0 = Release|Any CPU
		{C5A5D712-545F-4088-B6B3-610BB7B61E9D}.Release|Any CPU.ActiveCfg = Release|Any CPU
		{C5A5D712-545F-4088-B6B3-610BB7B61E9D}.Release|Any CPU.Build.0 = Release|Any CPU
		{E773C3F7-FCB9-496E-871E-E0EA20E880EF}.Debug Win|Any CPU.ActiveCfg = Debug|Any CPU
		{E773C3F7-FCB9-496E-871E-E0EA20E880EF}.Debug Win|Any CPU.Build.0 = Debug|Any CPU
		{E773C3F7-FCB9-496E-871E-E0EA20E880EF}.Debug|Any CPU.ActiveCfg = Debug|Any CPU
		{E773C3F7-FCB9-496E-871E-E0EA20E880EF}.Debug|Any CPU.Build.0 = Debug|Any CPU
		{E773C3F7-FCB9-496E-871E-E0EA20E880EF}.Release Win|Any CPU.ActiveCfg = Release|Any CPU
		{E773C3F7-FCB9-496E-871E-E0EA20E880EF}.Release Win|Any CPU.Build.0 = Release|Any CPU
		{E773C3F7-FCB9-496E-871E-E0EA20E880EF}.Release|Any CPU.ActiveCfg = Release|Any CPU
		{E773C3F7-FCB9-496E-871E-E0EA20E880EF}.Release|Any CPU.Build.0 = Release|Any CPU
		{E79A4EB9-F6CE-4124-A71A-0E56D6999FE3}.Debug Win|Any CPU.ActiveCfg = Debug|Any CPU
		{E79A4EB9-F6CE-4124-A71A-0E56D6999FE3}.Debug Win|Any CPU.Build.0 = Debug|Any CPU
		{E79A4EB9-F6CE-4124-A71A-0E56D6999FE3}.Debug|Any CPU.ActiveCfg = Debug|Any CPU
		{E79A4EB9-F6CE-4124-A71A-0E56D6999FE3}.Debug|Any CPU.Build.0 = Debug|Any CPU
		{E79A4EB9-F6CE-4124-A71A-0E56D6999FE3}.Release Win|Any CPU.ActiveCfg = Release|Any CPU
		{E79A4EB9-F6CE-4124-A71A-0E56D6999FE3}.Release Win|Any CPU.Build.0 = Release|Any CPU
		{E79A4EB9-F6CE-4124-A71A-0E56D6999FE3}.Release|Any CPU.ActiveCfg = Release|Any CPU
		{E79A4EB9-F6CE-4124-A71A-0E56D6999FE3}.Release|Any CPU.Build.0 = Release|Any CPU
		{F2024AE4-2B88-4DFD-B6ED-F2ECB7349E93}.Debug Win|Any CPU.ActiveCfg = Debug|Any CPU
		{F2024AE4-2B88-4DFD-B6ED-F2ECB7349E93}.Debug Win|Any CPU.Build.0 = Debug|Any CPU
		{F2024AE4-2B88-4DFD-B6ED-F2ECB7349E93}.Debug|Any CPU.ActiveCfg = Debug|Any CPU
		{F2024AE4-2B88-4DFD-B6ED-F2ECB7349E93}.Debug|Any CPU.Build.0 = Debug|Any CPU
		{F2024AE4-2B88-4DFD-B6ED-F2ECB7349E93}.Release Win|Any CPU.ActiveCfg = Release|Any CPU
		{F2024AE4-2B88-4DFD-B6ED-F2ECB7349E93}.Release Win|Any CPU.Build.0 = Release|Any CPU
		{F2024AE4-2B88-4DFD-B6ED-F2ECB7349E93}.Release|Any CPU.ActiveCfg = Release|Any CPU
		{F2024AE4-2B88-4DFD-B6ED-F2ECB7349E93}.Release|Any CPU.Build.0 = Release|Any CPU
	EndGlobalSection
	GlobalSection(NestedProjects) = preSolution
		{92494904-35FA-4DC9-BDE9-3A3E87AC49D3} = {FCD61DDE-E1C7-40AE-9227-1BD8699293EA}
		{C3887A93-B2BD-4097-8E2F-3A063EFF32FD} = {FCD61DDE-E1C7-40AE-9227-1BD8699293EA}
		{3B25FD1F-CEBA-4450-8893-DC330FDB56A7} = {FCD61DDE-E1C7-40AE-9227-1BD8699293EA}
	EndGlobalSection
	GlobalSection(MonoDevelopProperties) = preSolution
		Policies = $0
		$0.DotNetNamingPolicy = $1
		$1.DirectoryNamespaceAssociation = None
		$1.ResourceNamePolicy = FileFormatDefault
		$0.StandardHeader = $2
		$2.Text = @\n ${FileName}\n \n Author:\n      ${AuthorName} <${AuthorEmail}>\n \n Copyright (c) ${Year} ${CopyrightHolder}\n\n This program is free software: you can redistribute it and/or modify\n it under the terms of the GNU Lesser General Public License as published by\n the Free Software Foundation, either version 3 of the License, or\n (at your option) any later version.\n\n This program is distributed in the hope that it will be useful,\n but WITHOUT ANY WARRANTY; without even the implied warranty of\n MERCHANTABILITY or FITNESS FOR A PARTICULAR PURPOSE.  See the\n GNU Lesser General Public License for more details.\n\n You should have received a copy of the GNU Lesser General Public License\n along with this program.  If not, see <http://www.gnu.org/licenses/>.
		$2.IncludeInNewFiles = True
		$0.NameConventionPolicy = $3
		$3.Rules = $4
		$4.NamingRule = $5
		$5.Name = Type Parameters
		$5.RequiredPrefixes = $6
		$6.String = T
		$5.AllowedPrefixes = $7
		$7.String = m_
		$5.RequiredSuffixes = $8
		$8.String = Exception
		$5.AffectedEntity = TypeParameter
		$5.VisibilityMask = VisibilityMask
		$5.NamingStyle = PascalCase
		$5.IncludeInstanceMembers = True
		$5.IncludeStaticEntities = True
		$4.NamingRule = $9
		$9.Name = Types
		$9.AffectedEntity = Class, Struct, Enum, Delegate
		$9.VisibilityMask = VisibilityMask
		$9.NamingStyle = PascalCase
		$9.IncludeInstanceMembers = True
		$9.IncludeStaticEntities = True
		$4.NamingRule = $10
		$10.Name = Interfaces
		$10.RequiredPrefixes = $11
		$11.String = I
		$10.AffectedEntity = Interface
		$10.VisibilityMask = VisibilityMask
		$10.NamingStyle = PascalCase
		$10.IncludeInstanceMembers = True
		$10.IncludeStaticEntities = True
		$4.NamingRule = $12
		$12.Name = Attributes
		$12.RequiredSuffixes = $13
		$13.String = Attribute
		$12.AffectedEntity = CustomAttributes
		$12.VisibilityMask = VisibilityMask
		$12.NamingStyle = PascalCase
		$12.IncludeInstanceMembers = True
		$12.IncludeStaticEntities = True
		$4.NamingRule = $14
		$14.Name = Event Arguments
		$14.RequiredSuffixes = $15
		$15.String = EventArgs
		$14.AffectedEntity = CustomEventArgs
		$14.VisibilityMask = VisibilityMask
		$14.NamingStyle = PascalCase
		$14.IncludeInstanceMembers = True
		$14.IncludeStaticEntities = True
		$4.NamingRule = $16
		$16.Name = Exceptions
		$16.RequiredSuffixes = $17
		$17.String = Exception
		$16.AffectedEntity = CustomExceptions
		$16.VisibilityMask = VisibilityMask
		$16.NamingStyle = PascalCase
		$16.IncludeInstanceMembers = True
		$16.IncludeStaticEntities = True
		$4.NamingRule = $18
		$18.Name = Methods
		$18.AffectedEntity = Methods
		$18.VisibilityMask = VisibilityMask
		$18.NamingStyle = PascalCase
		$18.IncludeInstanceMembers = True
		$18.IncludeStaticEntities = True
		$4.NamingRule = $19
		$19.Name = Static Readonly Fields
		$19.AffectedEntity = ReadonlyField
		$19.VisibilityMask = Internal, Protected, Public
		$19.NamingStyle = PascalCase
		$19.IncludeInstanceMembers = False
		$19.IncludeStaticEntities = True
		$4.NamingRule = $20
		$20.Name = Fields (Non Private)
		$20.AffectedEntity = Field
		$20.VisibilityMask = Internal, Protected, Public
		$20.NamingStyle = PascalCase
		$20.IncludeInstanceMembers = True
		$20.IncludeStaticEntities = True
		$4.NamingRule = $21
		$21.Name = ReadOnly Fields (Non Private)
		$21.AffectedEntity = ReadonlyField
		$21.VisibilityMask = Internal, Protected, Public
		$21.NamingStyle = PascalCase
		$21.IncludeInstanceMembers = True
		$21.IncludeStaticEntities = False
		$4.NamingRule = $22
		$22.Name = Fields (Private)
		$22.AllowedPrefixes = $23
		$23.String = _
		$23.String = m_
		$22.AffectedEntity = Field, ReadonlyField
		$22.VisibilityMask = Private
		$22.NamingStyle = CamelCase
		$22.IncludeInstanceMembers = True
		$22.IncludeStaticEntities = False
		$4.NamingRule = $24
		$24.Name = Static Fields (Private)
		$24.AffectedEntity = Field
		$24.VisibilityMask = Private
		$24.NamingStyle = CamelCase
		$24.IncludeInstanceMembers = False
		$24.IncludeStaticEntities = True
		$4.NamingRule = $25
		$25.Name = ReadOnly Fields (Private)
		$25.AllowedPrefixes = $26
		$26.String = _
		$26.String = m_
		$25.AffectedEntity = ReadonlyField
		$25.VisibilityMask = Private
		$25.NamingStyle = CamelCase
		$25.IncludeInstanceMembers = True
		$25.IncludeStaticEntities = False
		$4.NamingRule = $27
		$27.Name = Constant Fields
		$27.AffectedEntity = ConstantField
		$27.VisibilityMask = VisibilityMask
		$27.NamingStyle = PascalCase
		$27.IncludeInstanceMembers = True
		$27.IncludeStaticEntities = True
		$4.NamingRule = $28
		$28.Name = Properties
		$28.AffectedEntity = Property
		$28.VisibilityMask = VisibilityMask
		$28.NamingStyle = PascalCase
		$28.IncludeInstanceMembers = True
		$28.IncludeStaticEntities = True
		$4.NamingRule = $29
		$29.Name = Events
		$29.AffectedEntity = Event
		$29.VisibilityMask = VisibilityMask
		$29.NamingStyle = PascalCase
		$29.IncludeInstanceMembers = True
		$29.IncludeStaticEntities = True
		$4.NamingRule = $30
		$30.Name = Enum Members
		$30.AffectedEntity = EnumMember
		$30.VisibilityMask = VisibilityMask
		$30.NamingStyle = PascalCase
		$30.IncludeInstanceMembers = True
		$30.IncludeStaticEntities = True
		$4.NamingRule = $31
		$31.Name = Parameters
		$31.AffectedEntity = Parameter
		$31.VisibilityMask = VisibilityMask
		$31.NamingStyle = CamelCase
		$31.IncludeInstanceMembers = True
		$31.IncludeStaticEntities = True
		$4.NamingRule = $32
		$32.Name = Type Parameters
		$32.RequiredPrefixes = $33
		$33.String = T
		$32.AffectedEntity = TypeParameter
		$32.VisibilityMask = VisibilityMask
		$32.NamingStyle = PascalCase
		$32.IncludeInstanceMembers = True
		$32.IncludeStaticEntities = True
		$0.VersionControlPolicy = $34
		$34.inheritsSet = Mono
		$0.TextStylePolicy = $35
		$35.inheritsSet = null
		$35.scope = text/microsoft-resx
		$0.CSharpFormattingPolicy = $36
		$36.AfterDelegateDeclarationParameterComma = True
		$36.inheritsSet = Mono
		$36.inheritsScope = text/x-csharp
		$36.scope = text/x-csharp
		$0.TextStylePolicy = $37
		$37.FileWidth = 120
		$37.TabsToSpaces = False
		$37.inheritsSet = VisualStudio
		$37.inheritsScope = text/plain
		$37.scope = text/plain
		$0.TextStylePolicy = $38
		$38.inheritsSet = null
		$38.scope = text/x-markdown
		$0.TextStylePolicy = $39
		$39.inheritsSet = null
		$39.scope = application/config+xml
		$0.XmlFormattingPolicy = $40
		$40.inheritsSet = null
		$40.scope = text/microsoft-resx
		$0.TextStylePolicy = $41
		$41.inheritsSet = null
		$41.scope = application/xml
		$0.XmlFormattingPolicy = $42
		$42.inheritsSet = Mono
		$42.inheritsScope = application/xml
		$42.scope = application/xml
	EndGlobalSection
	GlobalSection(SolutionProperties) = preSolution
		HideSolutionNode = FALSE
	EndGlobalSection
EndGlobal
